# This file is generated by running "yarn install" inside your project.
# Manual changes might be lost - proceed with caution!

__metadata:
  version: 8
  cacheKey: 10c0

"@telegraf/types@npm:^7.1.0":
  version: 7.1.0
  resolution: "@telegraf/types@npm:7.1.0"
  checksum: 10c0/643febc20cb8e3600a3d1f8468758a58247311347f60f2bb94235c54f0546825db7a64bf12c59d484b3d26ac983c0b34a2b13ceb91c751d18d570fd6324757cd
  languageName: node
  linkType: hard

"abort-controller@npm:^3.0.0":
  version: 3.0.0
  resolution: "abort-controller@npm:3.0.0"
  dependencies:
    event-target-shim: "npm:^5.0.0"
  checksum: 10c0/90ccc50f010250152509a344eb2e71977fbf8db0ab8f1061197e3275ddf6c61a41a6edfd7b9409c664513131dd96e962065415325ef23efa5db931b382d24ca5
  languageName: node
  linkType: hard

"alert-bot@workspace:.":
  version: 0.0.0-use.local
  resolution: "alert-bot@workspace:."
  dependencies:
    moment: "npm:^2.30.1"
    node-schedule: "npm:^2.1.1"
    telegraf: "npm:^4.16.3"
  languageName: unknown
  linkType: soft

"buffer-alloc-unsafe@npm:^1.1.0":
  version: 1.1.0
  resolution: "buffer-alloc-unsafe@npm:1.1.0"
  checksum: 10c0/06b9298c9369621a830227c3797ceb3ff5535e323946d7b39a7398fed8b3243798259b3c85e287608c5aad35ccc551cec1a0a5190cc8f39652e8eee25697fc9c
  languageName: node
  linkType: hard

"buffer-alloc@npm:^1.2.0":
  version: 1.2.0
  resolution: "buffer-alloc@npm:1.2.0"
  dependencies:
    buffer-alloc-unsafe: "npm:^1.1.0"
    buffer-fill: "npm:^1.0.0"
  checksum: 10c0/09d87dd53996342ccfbeb2871257d8cdb25ce9ee2259adc95c6490200cd6e528c5fbae8f30bcc323fe8d8efb0fe541e4ac3bbe9ee3f81c6b7c4b27434cc02ab4
  languageName: node
  linkType: hard

"buffer-fill@npm:^1.0.0":
  version: 1.0.0
  resolution: "buffer-fill@npm:1.0.0"
  checksum: 10c0/55b5654fbbf2d7ceb4991bb537f5e5b5b5b9debca583fee416a74fcec47c16d9e7a90c15acd27577da7bd750b7fa6396e77e7c221e7af138b6d26242381c6e4d
  languageName: node
  linkType: hard

"cron-parser@npm:^4.2.0":
  version: 4.9.0
  resolution: "cron-parser@npm:4.9.0"
  dependencies:
    luxon: "npm:^3.2.1"
  checksum: 10c0/348622bdcd1a15695b61fc33af8a60133e5913a85cf99f6344367579e7002896514ba3b0a9d6bb569b02667d6b06836722bf2295fcd101b3de378f71d37bed0b
  languageName: node
  linkType: hard

"debug@npm:^4.3.4":
  version: 4.3.6
  resolution: "debug@npm:4.3.6"
  dependencies:
    ms: "npm:2.1.2"
  peerDependenciesMeta:
    supports-color:
      optional: true
  checksum: 10c0/3293416bff072389c101697d4611c402a6bacd1900ac20c0492f61a9cdd6b3b29750fc7f5e299f8058469ef60ff8fb79b86395a30374fbd2490113c1c7112285
  languageName: node
  linkType: hard

"event-target-shim@npm:^5.0.0":
  version: 5.0.1
  resolution: "event-target-shim@npm:5.0.1"
  checksum: 10c0/0255d9f936215fd206156fd4caa9e8d35e62075d720dc7d847e89b417e5e62cf1ce6c9b4e0a1633a9256de0efefaf9f8d26924b1f3c8620cffb9db78e7d3076b
  languageName: node
  linkType: hard

"long-timeout@npm:0.1.1":
  version: 0.1.1
  resolution: "long-timeout@npm:0.1.1"
  checksum: 10c0/a62240cc8f449d7a00081e817ae543fb1ded4d9fc05492e9fa8d6868cb33b2c9d5d71176a6f8be4473df7ba4b208460b3073b0e05069c3ec286122f3e4b5747f
  languageName: node
  linkType: hard

"luxon@npm:^3.2.1":
  version: 3.5.0
  resolution: "luxon@npm:3.5.0"
  checksum: 10c0/335789bba95077db831ef99894edadeb23023b3eb2137a1b56acd0d290082b691cf793143d69e30bc069ec95f0b49f36419f48e951c68014f19ffe12045e3494
  languageName: node
  linkType: hard

"moment@npm:^2.30.1":
  version: 2.30.1
  resolution: "moment@npm:2.30.1"
  checksum: 10c0/865e4279418c6de666fca7786607705fd0189d8a7b7624e2e56be99290ac846f90878a6f602e34b4e0455c549b85385b1baf9966845962b313699e7cb847543a
  languageName: node
  linkType: hard

"mri@npm:^1.2.0":
  version: 1.2.0
  resolution: "mri@npm:1.2.0"
  checksum: 10c0/a3d32379c2554cf7351db6237ddc18dc9e54e4214953f3da105b97dc3babe0deb3ffe99cf409b38ea47cc29f9430561ba6b53b24ab8f9ce97a4b50409e4a50e7
  languageName: node
  linkType: hard

"ms@npm:2.1.2":
  version: 2.1.2
  resolution: "ms@npm:2.1.2"
  checksum: 10c0/a437714e2f90dbf881b5191d35a6db792efbca5badf112f87b9e1c712aace4b4b9b742dd6537f3edf90fd6f684de897cec230abde57e87883766712ddda297cc
  languageName: node
  linkType: hard

"node-fetch@npm:^2.7.0":
  version: 2.7.0
  resolution: "node-fetch@npm:2.7.0"
  dependencies:
    whatwg-url: "npm:^5.0.0"
  peerDependencies:
    encoding: ^0.1.0
  peerDependenciesMeta:
    encoding:
      optional: true
  checksum: 10c0/b55786b6028208e6fbe594ccccc213cab67a72899c9234eb59dba51062a299ea853210fcf526998eaa2867b0963ad72338824450905679ff0fa304b8c5093ae8
  languageName: node
  linkType: hard

"node-schedule@npm:^2.1.1":
  version: 2.1.1
  resolution: "node-schedule@npm:2.1.1"
  dependencies:
    cron-parser: "npm:^4.2.0"
    long-timeout: "npm:0.1.1"
    sorted-array-functions: "npm:^1.3.0"
  checksum: 10c0/6ec51b34b9e676740ac25298e4ced5ee46053379f0d3aad533e51d7e083bc24ced045df1772a95bf9d9cfdb81299340bbf551549a7c5eb6e4d2dc6468c85c70e
  languageName: node
  linkType: hard

"p-timeout@npm:^4.1.0":
  version: 4.1.0
  resolution: "p-timeout@npm:4.1.0"
  checksum: 10c0/25aaf13ae9ebfff4ab45591f6647f3bee1ecede073c367175fb0157c27efb170cfb51259a4d2e9118d2ca595453bc885f086ad0ca7476d1c26cee3d13a7c9f6d
  languageName: node
  linkType: hard

"safe-compare@npm:^1.1.4":
  version: 1.1.4
  resolution: "safe-compare@npm:1.1.4"
  dependencies:
    buffer-alloc: "npm:^1.2.0"
  checksum: 10c0/ada2ef3b6c3a216d82be7b749b4b3a247bcf28b028e1786e636ec83c0a0f918779c30158473e13b30120a6c5bfe3262eb39e95b42dae1dee191565442629f71e
  languageName: node
  linkType: hard

"sandwich-stream@npm:^2.0.2":
  version: 2.0.2
  resolution: "sandwich-stream@npm:2.0.2"
  checksum: 10c0/30c779dd32b63cf489cb0a1f28828977db51fe7ca1673ae143649ab583645f6ddb61acb28e770abe52f9006c230cbcc026e56d214964c7bfd788ae05d684643a
  languageName: node
  linkType: hard

"sorted-array-functions@npm:^1.3.0":
  version: 1.3.0
  resolution: "sorted-array-functions@npm:1.3.0"
  checksum: 10c0/d94e3401a2bc1689dc913f56939621c892a3ff1288e984e85689a6c6e46b0ec16f65edc8b47d46b0f09d06857f67ca245553b462da597619102b9fad270476d9
  languageName: node
  linkType: hard

"telegraf@npm:^4.16.3":
  version: 4.16.3
  resolution: "telegraf@npm:4.16.3"
  dependencies:
    "@telegraf/types": "npm:^7.1.0"
    abort-controller: "npm:^3.0.0"
    debug: "npm:^4.3.4"
    mri: "npm:^1.2.0"
    node-fetch: "npm:^2.7.0"
    p-timeout: "npm:^4.1.0"
    safe-compare: "npm:^1.1.4"
    sandwich-stream: "npm:^2.0.2"
  bin:
    telegraf: lib/cli.mjs
  checksum: 10c0/58931c0cfb00481a99faf757cff3421f9ffb25a4f26c6d34150bc3a0a6e30a98860d7ff824f785f0155c9772fff478fc4a8d22ed975e48014f5037e727f2c995
  languageName: node
  linkType: hard

"tr46@npm:~0.0.3":
  version: 0.0.3
  resolution: "tr46@npm:0.0.3"
  checksum: 10c0/047cb209a6b60c742f05c9d3ace8fa510bff609995c129a37ace03476a9b12db4dbf975e74600830ef0796e18882b2381fb5fb1f6b4f96b832c374de3ab91a11
  languageName: node
  linkType: hard

"webidl-conversions@npm:^3.0.0":
  version: 3.0.1
  resolution: "webidl-conversions@npm:3.0.1"
  checksum: 10c0/5612d5f3e54760a797052eb4927f0ddc01383550f542ccd33d5238cfd65aeed392a45ad38364970d0a0f4fea32e1f4d231b3d8dac4a3bdd385e5cf802ae097db
  languageName: node
  linkType: hard

"whatwg-url@npm:^5.0.0":
  version: 5.0.0
  resolution: "whatwg-url@npm:5.0.0"
  dependencies:
    tr46: "npm:~0.0.3"
    webidl-conversions: "npm:^3.0.0"
  checksum: 10c0/1588bed84d10b72d5eec1d0faa0722ba1962f1821e7539c535558fb5398d223b0c50d8acab950b8c488b4ba69043fd833cc2697056b167d8ad46fac3995a55d5
  languageName: node
  linkType: hard
